// !$*UTF8*$!
{
	archiveVersion = 1;
	classes = {
	};
	objectVersion = 50;
	objects = {

/* Begin PBXBuildFile section */
		15256A1B2259B143008F7F5F /* AppDelegate.swift in Sources */ = {isa = PBXBuildFile; fileRef = 15256A1A2259B143008F7F5F /* AppDelegate.swift */; };
		15256A1D2259B143008F7F5F /* ViewController.swift in Sources */ = {isa = PBXBuildFile; fileRef = 15256A1C2259B143008F7F5F /* ViewController.swift */; };
		15256A202259B143008F7F5F /* Main.storyboard in Resources */ = {isa = PBXBuildFile; fileRef = 15256A1E2259B143008F7F5F /* Main.storyboard */; };
		15256A222259B146008F7F5F /* Assets.xcassets in Resources */ = {isa = PBXBuildFile; fileRef = 15256A212259B146008F7F5F /* Assets.xcassets */; };
		15256A252259B146008F7F5F /* LaunchScreen.storyboard in Resources */ = {isa = PBXBuildFile; fileRef = 15256A232259B146008F7F5F /* LaunchScreen.storyboard */; };
		15256A2F2259B6D8008F7F5F /* MapCollectionViewCell.swift in Sources */ = {isa = PBXBuildFile; fileRef = 15256A2E2259B6D8008F7F5F /* MapCollectionViewCell.swift */; };
		15256A362259B74D008F7F5F /* CardCollectionViewCell.swift in Sources */ = {isa = PBXBuildFile; fileRef = 15256A352259B74D008F7F5F /* CardCollectionViewCell.swift */; };
		15256A382259BBC1008F7F5F /* Building.swift in Sources */ = {isa = PBXBuildFile; fileRef = 15256A372259BBC1008F7F5F /* Building.swift */; };
		15256A3C2259F9D0008F7F5F /* Shopping.swift in Sources */ = {isa = PBXBuildFile; fileRef = 15256A3B2259F9D0008F7F5F /* Shopping.swift */; };
		15256A3E2259FB6F008F7F5F /* Park.swift in Sources */ = {isa = PBXBuildFile; fileRef = 15256A3D2259FB6F008F7F5F /* Park.swift */; };
		A18C24C22259F125007CB0C5 /* LuxBuilding.swift in Sources */ = {isa = PBXBuildFile; fileRef = A18C24C12259F125007CB0C5 /* LuxBuilding.swift */; };
		A18C24C42259F5F8007CB0C5 /* Factory.swift in Sources */ = {isa = PBXBuildFile; fileRef = A18C24C32259F5F8007CB0C5 /* Factory.swift */; };
		A18C24C62259F876007CB0C5 /* School.swift in Sources */ = {isa = PBXBuildFile; fileRef = A18C24C52259F876007CB0C5 /* School.swift */; };
		A18C24C82259F9AB007CB0C5 /* Habitation.swift in Sources */ = {isa = PBXBuildFile; fileRef = A18C24C72259F9AB007CB0C5 /* Habitation.swift */; };
		A18C24CA2259FA8A007CB0C5 /* Hospital.swift in Sources */ = {isa = PBXBuildFile; fileRef = A18C24C92259FA8A007CB0C5 /* Hospital.swift */; };
/* End PBXBuildFile section */

/* Begin PBXFileReference section */
		15256A172259B143008F7F5F /* Cidade-de-Jorge.app */ = {isa = PBXFileReference; explicitFileType = wrapper.application; includeInIndex = 0; path = "Cidade-de-Jorge.app"; sourceTree = BUILT_PRODUCTS_DIR; };
		15256A1A2259B143008F7F5F /* AppDelegate.swift */ = {isa = PBXFileReference; lastKnownFileType = sourcecode.swift; path = AppDelegate.swift; sourceTree = "<group>"; };
		15256A1C2259B143008F7F5F /* ViewController.swift */ = {isa = PBXFileReference; lastKnownFileType = sourcecode.swift; path = ViewController.swift; sourceTree = "<group>"; };
		15256A1F2259B143008F7F5F /* Base */ = {isa = PBXFileReference; lastKnownFileType = file.storyboard; name = Base; path = Base.lproj/Main.storyboard; sourceTree = "<group>"; };
		15256A212259B146008F7F5F /* Assets.xcassets */ = {isa = PBXFileReference; lastKnownFileType = folder.assetcatalog; path = Assets.xcassets; sourceTree = "<group>"; };
		15256A242259B146008F7F5F /* Base */ = {isa = PBXFileReference; lastKnownFileType = file.storyboard; name = Base; path = Base.lproj/LaunchScreen.storyboard; sourceTree = "<group>"; };
		15256A262259B146008F7F5F /* Info.plist */ = {isa = PBXFileReference; lastKnownFileType = text.plist.xml; path = Info.plist; sourceTree = "<group>"; };
		15256A2E2259B6D8008F7F5F /* MapCollectionViewCell.swift */ = {isa = PBXFileReference; lastKnownFileType = sourcecode.swift; path = MapCollectionViewCell.swift; sourceTree = "<group>"; };
		15256A352259B74D008F7F5F /* CardCollectionViewCell.swift */ = {isa = PBXFileReference; lastKnownFileType = sourcecode.swift; path = CardCollectionViewCell.swift; sourceTree = "<group>"; };
		15256A372259BBC1008F7F5F /* Building.swift */ = {isa = PBXFileReference; lastKnownFileType = sourcecode.swift; path = Building.swift; sourceTree = "<group>"; };
		15256A3B2259F9D0008F7F5F /* Shopping.swift */ = {isa = PBXFileReference; lastKnownFileType = sourcecode.swift; path = Shopping.swift; sourceTree = "<group>"; };
		15256A3D2259FB6F008F7F5F /* Park.swift */ = {isa = PBXFileReference; lastKnownFileType = sourcecode.swift; path = Park.swift; sourceTree = "<group>"; };
		A18C24C12259F125007CB0C5 /* LuxBuilding.swift */ = {isa = PBXFileReference; lastKnownFileType = sourcecode.swift; path = LuxBuilding.swift; sourceTree = "<group>"; };
		A18C24C32259F5F8007CB0C5 /* Factory.swift */ = {isa = PBXFileReference; lastKnownFileType = sourcecode.swift; path = Factory.swift; sourceTree = "<group>"; };
		A18C24C52259F876007CB0C5 /* School.swift */ = {isa = PBXFileReference; lastKnownFileType = sourcecode.swift; path = School.swift; sourceTree = "<group>"; };
		A18C24C72259F9AB007CB0C5 /* Habitation.swift */ = {isa = PBXFileReference; lastKnownFileType = sourcecode.swift; path = Habitation.swift; sourceTree = "<group>"; };
		A18C24C92259FA8A007CB0C5 /* Hospital.swift */ = {isa = PBXFileReference; lastKnownFileType = sourcecode.swift; path = Hospital.swift; sourceTree = "<group>"; };
/* End PBXFileReference section */

/* Begin PBXFrameworksBuildPhase section */
		15256A142259B143008F7F5F /* Frameworks */ = {
			isa = PBXFrameworksBuildPhase;
			buildActionMask = 2147483647;
			files = (
			);
			runOnlyForDeploymentPostprocessing = 0;
		};
/* End PBXFrameworksBuildPhase section */

/* Begin PBXGroup section */
		15256A0E2259B143008F7F5F = {
			isa = PBXGroup;
			children = (
				15256A192259B143008F7F5F /* Cidade-de-Jorge */,
				15256A182259B143008F7F5F /* Products */,
			);
			sourceTree = "<group>";
		};
		15256A182259B143008F7F5F /* Products */ = {
			isa = PBXGroup;
			children = (
				15256A172259B143008F7F5F /* Cidade-de-Jorge.app */,
			);
			name = Products;
			sourceTree = "<group>";
		};
		15256A192259B143008F7F5F /* Cidade-de-Jorge */ = {
			isa = PBXGroup;
			children = (
				15256A262259B146008F7F5F /* Info.plist */,
				15256A342259B72A008F7F5F /* views */,
				15256A332259B718008F7F5F /* ios */,
				15256A322259B70E008F7F5F /* models */,
				15256A312259B6F5008F7F5F /* controllers */,
				15256A302259B6EC008F7F5F /* cells */,
				15256A212259B146008F7F5F /* Assets.xcassets */,
			);
			path = "Cidade-de-Jorge";
			sourceTree = "<group>";
		};
		15256A302259B6EC008F7F5F /* cells */ = {
			isa = PBXGroup;
			children = (
				15256A2E2259B6D8008F7F5F /* MapCollectionViewCell.swift */,
				15256A352259B74D008F7F5F /* CardCollectionViewCell.swift */,
			);
			path = cells;
			sourceTree = "<group>";
		};
		15256A312259B6F5008F7F5F /* controllers */ = {
			isa = PBXGroup;
			children = (
				15256A1C2259B143008F7F5F /* ViewController.swift */,
			);
			path = controllers;
			sourceTree = "<group>";
		};
		15256A322259B70E008F7F5F /* models */ = {
			isa = PBXGroup;
			children = (
				15256A372259BBC1008F7F5F /* Building.swift */,
				A18C24C12259F125007CB0C5 /* LuxBuilding.swift */,
				A18C24C32259F5F8007CB0C5 /* Factory.swift */,
				A18C24C52259F876007CB0C5 /* School.swift */,
				A18C24C72259F9AB007CB0C5 /* Habitation.swift */,
				A18C24C92259FA8A007CB0C5 /* Hospital.swift */,
				15256A3B2259F9D0008F7F5F /* Shopping.swift */,
				15256A3D2259FB6F008F7F5F /* Park.swift */,
			);
			path = models;
			sourceTree = "<group>";
		};
		15256A332259B718008F7F5F /* ios */ = {
			isa = PBXGroup;
			children = (
				15256A1A2259B143008F7F5F /* AppDelegate.swift */,
			);
			path = ios;
			sourceTree = "<group>";
		};
		15256A342259B72A008F7F5F /* views */ = {
			isa = PBXGroup;
			children = (
				15256A1E2259B143008F7F5F /* Main.storyboard */,
				15256A232259B146008F7F5F /* LaunchScreen.storyboard */,
			);
			path = views;
			sourceTree = "<group>";
		};
/* End PBXGroup section */

/* Begin PBXNativeTarget section */
		15256A162259B143008F7F5F /* Cidade-de-Jorge */ = {
			isa = PBXNativeTarget;
			buildConfigurationList = 15256A292259B146008F7F5F /* Build configuration list for PBXNativeTarget "Cidade-de-Jorge" */;
			buildPhases = (
				15256A132259B143008F7F5F /* Sources */,
				15256A142259B143008F7F5F /* Frameworks */,
				15256A152259B143008F7F5F /* Resources */,
			);
			buildRules = (
			);
			dependencies = (
			);
			name = "Cidade-de-Jorge";
			productName = "Cidade-de-Jorge";
			productReference = 15256A172259B143008F7F5F /* Cidade-de-Jorge.app */;
			productType = "com.apple.product-type.application";
		};
/* End PBXNativeTarget section */

/* Begin PBXProject section */
		15256A0F2259B143008F7F5F /* Project object */ = {
			isa = PBXProject;
			attributes = {
				LastSwiftUpdateCheck = 1020;
				LastUpgradeCheck = 1020;
				ORGANIZATIONNAME = "vinicius emanuel";
				TargetAttributes = {
					15256A162259B143008F7F5F = {
						CreatedOnToolsVersion = 10.2;
					};
				};
			};
			buildConfigurationList = 15256A122259B143008F7F5F /* Build configuration list for PBXProject "Cidade-de-Jorge" */;
			compatibilityVersion = "Xcode 9.3";
			developmentRegion = en;
			hasScannedForEncodings = 0;
			knownRegions = (
				en,
				Base,
			);
			mainGroup = 15256A0E2259B143008F7F5F;
			productRefGroup = 15256A182259B143008F7F5F /* Products */;
			projectDirPath = "";
			projectRoot = "";
			targets = (
				15256A162259B143008F7F5F /* Cidade-de-Jorge */,
			);
		};
/* End PBXProject section */

/* Begin PBXResourcesBuildPhase section */
		15256A152259B143008F7F5F /* Resources */ = {
			isa = PBXResourcesBuildPhase;
			buildActionMask = 2147483647;
			files = (
				15256A252259B146008F7F5F /* LaunchScreen.storyboard in Resources */,
				15256A222259B146008F7F5F /* Assets.xcassets in Resources */,
				15256A202259B143008F7F5F /* Main.storyboard in Resources */,
			);
			runOnlyForDeploymentPostprocessing = 0;
		};
/* End PBXResourcesBuildPhase section */

/* Begin PBXSourcesBuildPhase section */
		15256A132259B143008F7F5F /* Sources */ = {
			isa = PBXSourcesBuildPhase;
			buildActionMask = 2147483647;
			files = (
				15256A382259BBC1008F7F5F /* Building.swift in Sources */,
				15256A3C2259F9D0008F7F5F /* Shopping.swift in Sources */,
				15256A1D2259B143008F7F5F /* ViewController.swift in Sources */,
				15256A1B2259B143008F7F5F /* AppDelegate.swift in Sources */,
				A18C24CA2259FA8A007CB0C5 /* Hospital.swift in Sources */,
				15256A362259B74D008F7F5F /* CardCollectionViewCell.swift in Sources */,
				A18C24C82259F9AB007CB0C5 /* Habitation.swift in Sources */,
				15256A2F2259B6D8008F7F5F /* MapCollectionViewCell.swift in Sources */,
				A18C24C22259F125007CB0C5 /* LuxBuilding.swift in Sources */,
				15256A3E2259FB6F008F7F5F /* Park.swift in Sources */,
				A18C24C42259F5F8007CB0C5 /* Factory.swift in Sources */,
				A18C24C62259F876007CB0C5 /* School.swift in Sources */,
			);
			runOnlyForDeploymentPostprocessing = 0;
		};
/* End PBXSourcesBuildPhase section */

/* Begin PBXVariantGroup section */
		15256A1E2259B143008F7F5F /* Main.storyboard */ = {
			isa = PBXVariantGroup;
			children = (
				15256A1F2259B143008F7F5F /* Base */,
			);
			name = Main.storyboard;
			sourceTree = "<group>";
		};
		15256A232259B146008F7F5F /* LaunchScreen.storyboard */ = {
			isa = PBXVariantGroup;
			children = (
				15256A242259B146008F7F5F /* Base */,
			);
			name = LaunchScreen.storyboard;
			sourceTree = "<group>";
		};
/* End PBXVariantGroup section */

/* Begin XCBuildConfiguration section */
		15256A272259B146008F7F5F /* Debug */ = {
			isa = XCBuildConfiguration;
			buildSettings = {
				ALWAYS_SEARCH_USER_PATHS = NO;
				CLANG_ANALYZER_NONNULL = YES;
				CLANG_ANALYZER_NUMBER_OBJECT_CONVERSION = YES_AGGRESSIVE;
				CLANG_CXX_LANGUAGE_STANDARD = "gnu++14";
				CLANG_CXX_LIBRARY = "libc++";
				CLANG_ENABLE_MODULES = YES;
				CLANG_ENABLE_OBJC_ARC = YES;
				CLANG_ENABLE_OBJC_WEAK = YES;
				CLANG_WARN_BLOCK_CAPTURE_AUTORELEASING = YES;
				CLANG_WARN_BOOL_CONVERSION = YES;
				CLANG_WARN_COMMA = YES;
				CLANG_WARN_CONSTANT_CONVERSION = YES;
				CLANG_WARN_DEPRECATED_OBJC_IMPLEMENTATIONS = YES;
				CLANG_WARN_DIRECT_OBJC_ISA_USAGE = YES_ERROR;
				CLANG_WARN_DOCUMENTATION_COMMENTS = YES;
				CLANG_WARN_EMPTY_BODY = YES;
				CLANG_WARN_ENUM_CONVERSION = YES;
				CLANG_WARN_INFINITE_RECURSION = YES;
				CLANG_WARN_INT_CONVERSION = YES;
				CLANG_WARN_NON_LITERAL_NULL_CONVERSION = YES;
				CLANG_WARN_OBJC_IMPLICIT_RETAIN_SELF = YES;
				CLANG_WARN_OBJC_LITERAL_CONVERSION = YES;
				CLANG_WARN_OBJC_ROOT_CLASS = YES_ERROR;
				CLANG_WARN_RANGE_LOOP_ANALYSIS = YES;
				CLANG_WARN_STRICT_PROTOTYPES = YES;
				CLANG_WARN_SUSPICIOUS_MOVE = YES;
				CLANG_WARN_UNGUARDED_AVAILABILITY = YES_AGGRESSIVE;
				CLANG_WARN_UNREACHABLE_CODE = YES;
				CLANG_WARN__DUPLICATE_METHOD_MATCH = YES;
				CODE_SIGN_IDENTITY = "iPhone Developer";
				COPY_PHASE_STRIP = NO;
				DEBUG_INFORMATION_FORMAT = dwarf;
				ENABLE_STRICT_OBJC_MSGSEND = YES;
				ENABLE_TESTABILITY = YES;
				GCC_C_LANGUAGE_STANDARD = gnu11;
				GCC_DYNAMIC_NO_PIC = NO;
				GCC_NO_COMMON_BLOCKS = YES;
				GCC_OPTIMIZATION_LEVEL = 0;
				GCC_PREPROCESSOR_DEFINITIONS = (
					"DEBUG=1",
					"$(inherited)",
				);
				GCC_WARN_64_TO_32_BIT_CONVERSION = YES;
				GCC_WARN_ABOUT_RETURN_TYPE = YES_ERROR;
				GCC_WARN_UNDECLARED_SELECTOR = YES;
				GCC_WARN_UNINITIALIZED_AUTOS = YES_AGGRESSIVE;
				GCC_WARN_UNUSED_FUNCTION = YES;
				GCC_WARN_UNUSED_VARIABLE = YES;
				IPHONEOS_DEPLOYMENT_TARGET = 12.2;
				MTL_ENABLE_DEBUG_INFO = INCLUDE_SOURCE;
				MTL_FAST_MATH = YES;
				ONLY_ACTIVE_ARCH = YES;
				SDKROOT = iphoneos;
				SWIFT_ACTIVE_COMPILATION_CONDITIONS = DEBUG;
				SWIFT_OPTIMIZATION_LEVEL = "-Onone";
			};
			name = Debug;
		};
		15256A282259B146008F7F5F /* Release */ = {
			isa = XCBuildConfiguration;
			buildSettings = {
				ALWAYS_SEARCH_USER_PATHS = NO;
				CLANG_ANALYZER_NONNULL = YES;
				CLANG_ANALYZER_NUMBER_OBJECT_CONVERSION = YES_AGGRESSIVE;
				CLANG_CXX_LANGUAGE_STANDARD = "gnu++14";
				CLANG_CXX_LIBRARY = "libc++";
				CLANG_ENABLE_MODULES = YES;
				CLANG_ENABLE_OBJC_ARC = YES;
				CLANG_ENABLE_OBJC_WEAK = YES;
				CLANG_WARN_BLOCK_CAPTURE_AUTORELEASING = YES;
				CLANG_WARN_BOOL_CONVERSION = YES;
				CLANG_WARN_COMMA = YES;
				CLANG_WARN_CONSTANT_CONVERSION = YES;
				CLANG_WARN_DEPRECATED_OBJC_IMPLEMENTATIONS = YES;
				CLANG_WARN_DIRECT_OBJC_ISA_USAGE = YES_ERROR;
				CLANG_WARN_DOCUMENTATION_COMMENTS = YES;
				CLANG_WARN_EMPTY_BODY = YES;
				CLANG_WARN_ENUM_CONVERSION = YES;
				CLANG_WARN_INFINITE_RECURSION = YES;
				CLANG_WARN_INT_CONVERSION = YES;
				CLANG_WARN_NON_LITERAL_NULL_CONVERSION = YES;
				CLANG_WARN_OBJC_IMPLICIT_RETAIN_SELF = YES;
				CLANG_WARN_OBJC_LITERAL_CONVERSION = YES;
				CLANG_WARN_OBJC_ROOT_CLASS = YES_ERROR;
				CLANG_WARN_RANGE_LOOP_ANALYSIS = YES;
				CLANG_WARN_STRICT_PROTOTYPES = YES;
				CLANG_WARN_SUSPICIOUS_MOVE = YES;
				CLANG_WARN_UNGUARDED_AVAILABILITY = YES_AGGRESSIVE;
				CLANG_WARN_UNREACHABLE_CODE = YES;
				CLANG_WARN__DUPLICATE_METHOD_MATCH = YES;
				CODE_SIGN_IDENTITY = "iPhone Developer";
				COPY_PHASE_STRIP = NO;
				DEBUG_INFORMATION_FORMAT = "dwarf-with-dsym";
				ENABLE_NS_ASSERTIONS = NO;
				ENABLE_STRICT_OBJC_MSGSEND = YES;
				GCC_C_LANGUAGE_STANDARD = gnu11;
				GCC_NO_COMMON_BLOCKS = YES;
				GCC_WARN_64_TO_32_BIT_CONVERSION = YES;
				GCC_WARN_ABOUT_RETURN_TYPE = YES_ERROR;
				GCC_WARN_UNDECLARED_SELECTOR = YES;
				GCC_WARN_UNINITIALIZED_AUTOS = YES_AGGRESSIVE;
				GCC_WARN_UNUSED_FUNCTION = YES;
				GCC_WARN_UNUSED_VARIABLE = YES;
				IPHONEOS_DEPLOYMENT_TARGET = 12.2;
				MTL_ENABLE_DEBUG_INFO = NO;
				MTL_FAST_MATH = YES;
				SDKROOT = iphoneos;
				SWIFT_COMPILATION_MODE = wholemodule;
				SWIFT_OPTIMIZATION_LEVEL = "-O";
				VALIDATE_PRODUCT = YES;
			};
			name = Release;
		};
		15256A2A2259B146008F7F5F /* Debug */ = {
			isa = XCBuildConfiguration;
			buildSettings = {
				ASSETCATALOG_COMPILER_APPICON_NAME = AppIcon;
				CODE_SIGN_STYLE = Automatic;
				INFOPLIST_FILE = "Cidade-de-Jorge/Info.plist";
				LD_RUNPATH_SEARCH_PATHS = (
					"$(inherited)",
					"@executable_path/Frameworks",
				);
				PRODUCT_BUNDLE_IDENTIFIER = "home.Cidade-de-Jorge";
				PRODUCT_NAME = "$(TARGET_NAME)";
				SWIFT_VERSION = 5.0;
				TARGETED_DEVICE_FAMILY = "1,2";
			};
			name = Debug;
		};
		15256A2B2259B146008F7F5F /* Release */ = {
			isa = XCBuildConfiguration;
			buildSettings = {
				ASSETCATALOG_COMPILER_APPICON_NAME = AppIcon;
				CODE_SIGN_STYLE = Automatic;
				INFOPLIST_FILE = "Cidade-de-Jorge/Info.plist";
				LD_RUNPATH_SEARCH_PATHS = (
					"$(inherited)",
					"@executable_path/Frameworks",
				);
				PRODUCT_BUNDLE_IDENTIFIER = "home.Cidade-de-Jorge";
				PRODUCT_NAME = "$(TARGET_NAME)";
				SWIFT_VERSION = 5.0;
				TARGETED_DEVICE_FAMILY = "1,2";
			};
			name = Release;
		};
/* End XCBuildConfiguration section */

/* Begin XCConfigurationList section */
		15256A122259B143008F7F5F /* Build configuration list for PBXProject "Cidade-de-Jorge" */ = {
			isa = XCConfigurationList;
			buildConfigurations = (
				15256A272259B146008F7F5F /* Debug */,
				15256A282259B146008F7F5F /* Release */,
			);
			defaultConfigurationIsVisible = 0;
			defaultConfigurationName = Release;
		};
		15256A292259B146008F7F5F /* Build configuration list for PBXNativeTarget "Cidade-de-Jorge" */ = {
			isa = XCConfigurationList;
			buildConfigurations = (
				15256A2A2259B146008F7F5F /* Debug */,
				15256A2B2259B146008F7F5F /* Release */,
			);
			defaultConfigurationIsVisible = 0;
			defaultConfigurationName = Release;
		};
/* End XCConfigurationList section */
	};
	rootObject = 15256A0F2259B143008F7F5F /* Project object */;
}
